
Microsoft Visual Studio Solution File, Format Version 12.00
# Visual Studio 2013
VisualStudioVersion = 12.0.31101.0
MinimumVisualStudioVersion = 10.0.40219.1
Project("{FAE04EC0-301F-11D3-BF4B-00C04F79EFBC}") = "Sample", "Sample\Sample.csproj", "{796FD02F-92EC-480B-8978-8D3CFD05C686}"
EndProject
Global
	GlobalSection(SolutionConfigurationPlatforms) = preSolution
		Ad-Hoc|iPhone = Ad-Hoc|iPhone
		Ad-Hoc|iPhoneSimulator = Ad-Hoc|iPhoneSimulator
		AppStore|iPhone = AppStore|iPhone
		AppStore|iPhoneSimulator = AppStore|iPhoneSimulator
		Debug|iPhone = Debug|iPhone
		Debug|iPhoneSimulator = Debug|iPhoneSimulator
		Release|iPhone = Release|iPhone
		Release|iPhoneSimulator = Release|iPhoneSimulator
	EndGlobalSection
	GlobalSection(ProjectConfigurationPlatforms) = postSolution
		{796FD02F-92EC-480B-8978-8D3CFD05C686}.Ad-Hoc|iPhone.ActiveCfg = Ad-Hoc|iPhone
		{796FD02F-92EC-480B-8978-8D3CFD05C686}.Ad-Hoc|iPhone.Build.0 = Ad-Hoc|iPhone
		{796FD02F-92EC-480B-8978-8D3CFD05C686}.Ad-Hoc|iPhoneSimulator.ActiveCfg = Ad-Hoc|iPhoneSimulator
		{796FD02F-92EC-480B-8978-8D3CFD05C686}.Ad-Hoc|iPhoneSimulator.Build.0 = Ad-Hoc|iPhoneSimulator
		{796FD02F-92EC-480B-8978-8D3CFD05C686}.AppStore|iPhone.ActiveCfg = AppStore|iPhone
		{796FD02F-92EC-480B-8978-8D3CFD05C686}.AppStore|iPhone.Build.0 = AppStore|iPhone
		{796FD02F-92EC-480B-8978-8D3CFD05C686}.AppStore|iPhoneSimulator.ActiveCfg = AppStore|iPhoneSimulator
		{796FD02F-92EC-480B-8978-8D3CFD05C686}.AppStore|iPhoneSimulator.Build.0 = AppStore|iPhoneSimulator
		{796FD02F-92EC-480B-8978-8D3CFD05C686}.Debug|iPhone.ActiveCfg = Debug|iPhone
		{796FD02F-92EC-480B-8978-8D3CFD05C686}.Debug|iPhone.Build.0 = Debug|iPhone
		{796FD02F-92EC-480B-8978-8D3CFD05C686}.Debug|iPhoneSimulator.ActiveCfg = Debug|iPhoneSimulator
		{796FD02F-92EC-480B-8978-8D3CFD05C686}.Debug|iPhoneSimulator.Build.0 = Debug|iPhoneSimulator
		{796FD02F-92EC-480B-8978-8D3CFD05C686}.Release|iPhone.ActiveCfg = Release|iPhone
		{796FD02F-92EC-480B-8978-8D3CFD05C686}.Release|iPhone.Build.0 = Release|iPhone
		{796FD02F-92EC-480B-8978-8D3CFD05C686}.Release|iPhoneSimulator.ActiveCfg = Release|iPhoneSimulator
		{796FD02F-92EC-480B-8978-8D3CFD05C686}.Release|iPhoneSimulator.Build.0 = Release|iPhoneSimulator
	EndGlobalSection
	GlobalSection(SolutionProperties) = preSolution
		HideSolutionNode = FALSE
	EndGlobalSection
EndGlobal
